
Microsoft Visual Studio Solution File, Format Version 10.00
# Visual Studio 2008
Project("{8BC9CEB8-8B4A-11D0-8D11-00A0C91BC942}") = "pkgtools", "vcproj\pkgtools.vcproj", "{C5A7A416-908F-4282-A192-0E616C5EEC9D}"
EndProject
Project("{8BC9CEB8-8B4A-11D0-8D11-00A0C91BC942}") = "scriptcreator", "vcproj\scriptcreator.vcproj", "{1AEAAF16-1B98-4CF8-880F-E1FE7877A610}"
EndProject
Global
	GlobalSection(SolutionConfigurationPlatforms) = preSolution
		Debug|Win32 = Debug|Win32
		Release|Win32 = Release|Win32
	EndGlobalSection
	GlobalSection(ProjectConfigurationPlatforms) = postSolution
		{C5A7A416-908F-4282-A192-0E616C5EEC9D}.Debug|Win32.ActiveCfg = Debug|Win32
		{C5A7A416-908F-4282-A192-0E616C5EEC9D}.Debug|Win32.Build.0 = Debug|Win32
		{C5A7A416-908F-4282-A192-0E616C5EEC9D}.Release|Win32.ActiveCfg = Release|Win32
		{C5A7A416-908F-4282-A192-0E616C5EEC9D}.Release|Win32.Build.0 = Release|Win32
		{1AEAAF16-1B98-4CF8-880F-E1FE7877A610}.Debug|Win32.ActiveCfg = Debug|Win32
		{1AEAAF16-1B98-4CF8-880F-E1FE7877A610}.Debug|Win32.Build.0 = Debug|Win32
		{1AEAAF16-1B98-4CF8-880F-E1FE7877A610}.Release|Win32.ActiveCfg = Release|Win32
		{1AEAAF16-1B98-4CF8-880F-E1FE7877A610}.Release|Win32.Build.0 = Release|Win32
	EndGlobalSection
	GlobalSection(SolutionProperties) = preSolution
		HideSolutionNode = FALSE
	EndGlobalSection
EndGlobal
